
Microsoft Visual Studio Solution File, Format Version 12.00
Project("{FAE04EC0-301F-11D3-BF4B-00C04F79EFBC}") = "Dominio", "Dominio\Dominio.csproj", "{F9C53344-2930-48FE-A55F-36FC22602F93}"
EndProject
Project("{FAE04EC0-301F-11D3-BF4B-00C04F79EFBC}") = "Consola", "Consola\Consola.csproj", "{B5B8A289-E9A0-4D36-AB0A-66363435FD83}"
EndProject
Global
	GlobalSection(SolutionConfigurationPlatforms) = preSolution
		Debug|Any CPU = Debug|Any CPU
		Release|Any CPU = Release|Any CPU
	EndGlobalSection
	GlobalSection(ProjectConfigurationPlatforms) = postSolution
		{F9C53344-2930-48FE-A55F-36FC22602F93}.Debug|Any CPU.ActiveCfg = Debug|Any CPU
		{F9C53344-2930-48FE-A55F-36FC22602F93}.Debug|Any CPU.Build.0 = Debug|Any CPU
		{F9C53344-2930-48FE-A55F-36FC22602F93}.Release|Any CPU.ActiveCfg = Release|Any CPU
		{F9C53344-2930-48FE-A55F-36FC22602F93}.Release|Any CPU.Build.0 = Release|Any CPU
		{B5B8A289-E9A0-4D36-AB0A-66363435FD83}.Debug|Any CPU.ActiveCfg = Debug|Any CPU
		{B5B8A289-E9A0-4D36-AB0A-66363435FD83}.Debug|Any CPU.Build.0 = Debug|Any CPU
		{B5B8A289-E9A0-4D36-AB0A-66363435FD83}.Release|Any CPU.ActiveCfg = Release|Any CPU
		{B5B8A289-E9A0-4D36-AB0A-66363435FD83}.Release|Any CPU.Build.0 = Release|Any CPU
	EndGlobalSection
EndGlobal
